<?xml version="1.0" encoding="utf-8"?>
<Project ToolsVersion="4.0" xmlns="http://schemas.microsoft.com/developer/msbuild/2003">
  <ItemGroup>
    <Filter Include="소스 파일">
      <UniqueIdentifier>{4FC737F1-C7A5-4376-A066-2A32D752A2FF}</UniqueIdentifier>
      <Extensions>cpp;c;cc;cxx;def;odl;idl;hpj;bat;asm;asmx</Extensions>
    </Filter>
    <Filter Include="헤더 파일">
      <UniqueIdentifier>{93995380-89BD-4b04-88EB-625FBE52EBFB}</UniqueIdentifier>
      <Extensions>h;hpp;hxx;hm;inl;inc;xsd</Extensions>
    </Filter>
    <Filter Include="리소스 파일">
      <UniqueIdentifier>{67DA6AB6-F800-4c08-8B7A-83BB121AAD01}</UniqueIdentifier>
      <Extensions>rc;ico;cur;bmp;dlg;rc2;rct;bin;rgs;gif;jpg;jpeg;jpe;resx;tiff;tif;png;wav;mfcribbon-ms</Extensions>
    </Filter>
  </ItemGroup>
  <ItemGroup>
    <None Include="ReadMe.txt" />
    <None Include="res\Alarm-e.ico">
      <Filter>리소스 파일</Filter>
    </None>
    <None Include="res\Alarm-e.rc2">
      <Filter>리소스 파일</Filter>
    </None>
  </ItemGroup>
  <ItemGroup>
    <ResourceCompile Include="Alarm-e.rc">
      <Filter>리소스 파일</Filter>
    </ResourceCompile>
  </ItemGroup>
  <ItemGroup>
    <ClInclude Include="..\2014-2학\전공-MFC\AA\targetver.h">
      <Filter>헤더 파일</Filter>
    </ClInclude>
    <ClInclude Include="..\2014-2학\전공-MFC\AA\TSTimeStruct.h">
      <Filter>헤더 파일</Filter>
    </ClInclude>
    <ClInclude Include="..\2014-2학\전공-MFC\AA\Alarm_UICapture.h">
      <Filter>헤더 파일</Filter>
    </ClInclude>
    <ClInclude Include="..\2014-2학\전공-MFC\AA\Alarm_UIChild.h">
      <Filter>헤더 파일</Filter>
    </ClInclude>
    <ClInclude Include="..\2014-2학\전공-MFC\AA\Alarm_UIJoin.h">
      <Filter>헤더 파일</Filter>
    </ClInclude>
    <ClInclude Include="..\2014-2학\전공-MFC\AA\Alarm_UILogin.h">
      <Filter>헤더 파일</Filter>
    </ClInclude>
    <ClInclude Include="..\2014-2학\전공-MFC\AA\Alarm_UIParent.h">
      <Filter>헤더 파일</Filter>
    </ClInclude>
    <ClInclude Include="..\2014-2학\전공-MFC\AA\Alarm_UIPopup.h">
      <Filter>헤더 파일</Filter>
    </ClInclude>
    <ClInclude Include="..\2014-2학\전공-MFC\AA\alarm-e.h">
      <Filter>헤더 파일</Filter>
    </ClInclude>
    <ClInclude Include="..\2014-2학\전공-MFC\AA\AutoConvert.h">
      <Filter>헤더 파일</Filter>
    </ClInclude>
    <ClInclude Include="..\2014-2학\전공-MFC\AA\DBDataForm.h">
      <Filter>헤더 파일</Filter>
    </ClInclude>
    <ClInclude Include="..\2014-2학\전공-MFC\AA\DIg.h">
      <Filter>헤더 파일</Filter>
    </ClInclude>
    <ClInclude Include="..\2014-2학\전공-MFC\AA\Full.h">
      <Filter>헤더 파일</Filter>
    </ClInclude>
    <ClInclude Include="..\2014-2학\전공-MFC\AA\JKRegistry.h">
      <Filter>헤더 파일</Filter>
    </ClInclude>
    <ClInclude Include="..\2014-2학\전공-MFC\AA\Jpeg.h">
      <Filter>헤더 파일</Filter>
    </ClInclude>
    <ClInclude Include="..\2014-2학\전공-MFC\AA\JSHook.h">
      <Filter>헤더 파일</Filter>
    </ClInclude>
    <ClInclude Include="..\2014-2학\전공-MFC\AA\MessageForm.h">
      <Filter>헤더 파일</Filter>
    </ClInclude>
    <ClInclude Include="..\2014-2학\전공-MFC\AA\Resource.h">
      <Filter>헤더 파일</Filter>
    </ClInclude>
    <ClInclude Include="..\2014-2학\전공-MFC\AA\SavingStruct.h">
      <Filter>헤더 파일</Filter>
    </ClInclude>
    <ClInclude Include="..\2014-2학\전공-MFC\AA\stdafx.h">
      <Filter>헤더 파일</Filter>
    </ClInclude>
  </ItemGroup>
  <ItemGroup>
    <ClCompile Include="..\2014-2학\전공-MFC\AA\Alarm_UIPopop.cpp">
      <Filter>소스 파일</Filter>
    </ClCompile>
    <ClCompile Include="..\2014-2학\전공-MFC\AA\alarm-e.cpp">
      <Filter>소스 파일</Filter>
    </ClCompile>
    <ClCompile Include="..\2014-2학\전공-MFC\AA\dllmain.cpp">
      <Filter>소스 파일</Filter>
    </ClCompile>
    <ClCompile Include="..\2014-2학\전공-MFC\AA\Full.cpp">
      <Filter>소스 파일</Filter>
    </ClCompile>
    <ClCompile Include="..\2014-2학\전공-MFC\AA\JKRegistry.cpp">
      <Filter>소스 파일</Filter>
    </ClCompile>
    <ClCompile Include="..\2014-2학\전공-MFC\AA\Jpeg.cpp">
      <Filter>소스 파일</Filter>
    </ClCompile>
    <ClCompile Include="..\2014-2학\전공-MFC\AA\JSHook.cpp">
      <Filter>소스 파일</Filter>
    </ClCompile>
    <ClCompile Include="..\2014-2학\전공-MFC\AA\stdafx.cpp">
      <Filter>소스 파일</Filter>
    </ClCompile>
    <ClCompile Include="..\2014-2학\전공-MFC\AA\Alarm_UICapture.cpp">
      <Filter>소스 파일</Filter>
    </ClCompile>
    <ClCompile Include="..\2014-2학\전공-MFC\AA\Alarm_UIChild.cpp">
      <Filter>소스 파일</Filter>
    </ClCompile>
    <ClCompile Include="..\2014-2학\전공-MFC\AA\Alarm_UIJoin.cpp">
      <Filter>소스 파일</Filter>
    </ClCompile>
    <ClCompile Include="..\2014-2학\전공-MFC\AA\Alarm_UILogin.cpp">
      <Filter>소스 파일</Filter>
    </ClCompile>
    <ClCompile Include="..\2014-2학\전공-MFC\AA\Alarm_UIParent.cpp">
      <Filter>소스 파일</Filter>
    </ClCompile>
    <ClCompile Include="HookDll.cpp">
      <Filter>소스 파일</Filter>
    </ClCompile>
    <ClCompile Include="..\2014-2학\전공-MFC\AA\alarm-eDlg.cpp">
      <Filter>소스 파일</Filter>
    </ClCompile>
  </ItemGroup>
</Project>